
Microsoft Visual Studio Solution File, Format Version 12.00
# Visual Studio Version 17
VisualStudioVersion = 17.0.32014.148
MinimumVisualStudioVersion = 10.0.40219.1
Project("{FAE04EC0-301F-11D3-BF4B-00C04F79EFBC}") = "GreenPassManager", "GreenPassManager.csproj", "{679B5BFE-AA11-4FE3-9165-064C4A55135B}"
EndProject
Global
	GlobalSection(SolutionConfigurationPlatforms) = preSolution
		Debug|Any CPU = Debug|Any CPU
		Release|Any CPU = Release|Any CPU
	EndGlobalSection
	GlobalSection(ProjectConfigurationPlatforms) = postSolution
		{679B5BFE-AA11-4FE3-9165-064C4A55135B}.Debug|Any CPU.ActiveCfg = Debug|Any CPU
		{679B5BFE-AA11-4FE3-9165-064C4A55135B}.Debug|Any CPU.Build.0 = Debug|Any CPU
		{679B5BFE-AA11-4FE3-9165-064C4A55135B}.Release|Any CPU.ActiveCfg = Release|Any CPU
		{679B5BFE-AA11-4FE3-9165-064C4A55135B}.Release|Any CPU.Build.0 = Release|Any CPU
	EndGlobalSection
	GlobalSection(SolutionProperties) = preSolution
		HideSolutionNode = FALSE
	EndGlobalSection
	GlobalSection(ExtensibilityGlobals) = postSolution
		SolutionGuid = {D150BFE0-9977-48F9-8C33-743FF7A9BA34}
	EndGlobalSection
EndGlobal
